packages:
  - name: dbt_external_tables
    package: dbt-labs/dbt_external_tables
    version: 0.12.3
  - name: dbt_utils
    package: dbt-labs/dbt_utils
    version: 1.4.1
  - name: codegen
    package: dbt-labs/codegen
    version: 0.14.1
  - name: elementary
    package: elementary-data/elementary
    version: 0.25.1
sha1_hash: 2dc56feb3271eab754d9259d07b2ffbb4d646a64
